PATH
  remote: ..
  specs:
    activeadmin (1.4.3)
      arbre (>= 1.1.1)
      coffee-rails
      formtastic (~> 3.1)
      formtastic_i18n
      inherited_resources (>= 1.9.0)
      jquery-rails (>= 4.2.0)
      kaminari (>= 0.15)
      railties (>= 4.2, < 5.3)
      ransack (>= 1.8.7)
      sass (~> 3.1)
      sprockets (< 4.1)

GEM
  remote: https://rubygems.org/
  specs:
    actionmailer (4.2.11)
      actionpack (= 4.2.11)
      actionview (= 4.2.11)
      activejob (= 4.2.11)
      mail (~> 2.5, >= 2.5.4)
      rails-dom-testing (~> 1.0, >= 1.0.5)
    actionpack (4.2.11)
      actionview (= 4.2.11)
      activesupport (= 4.2.11)
      rack (~> 1.6)
      rack-test (~> 0.6.2)
      rails-dom-testing (~> 1.0, >= 1.0.5)
      rails-html-sanitizer (~> 1.0, >= 1.0.2)
    actionview (4.2.11)
      activesupport (= 4.2.11)
      builder (~> 3.1)
      erubis (~> 2.7.0)
      rails-dom-testing (~> 1.0, >= 1.0.5)
      rails-html-sanitizer (~> 1.0, >= 1.0.3)
    activejob (4.2.11)
      activesupport (= 4.2.11)
      globalid (>= 0.3.0)
    activemodel (4.2.11)
      activesupport (= 4.2.11)
      builder (~> 3.1)
    activerecord (4.2.11)
      activemodel (= 4.2.11)
      activesupport (= 4.2.11)
      arel (~> 6.0)
    activerecord-jdbc-adapter (1.3.25)
      activerecord (>= 2.2, < 5.0)
    activerecord-jdbcsqlite3-adapter (1.3.25)
      activerecord-jdbc-adapter (~> 1.3.25)
      jdbc-sqlite3 (>= 3.7.2, < 3.9)
    activesupport (4.2.11)
      i18n (~> 0.7)
      minitest (~> 5.1)
      thread_safe (~> 0.3, >= 0.3.4)
      tzinfo (~> 1.1)
    addressable (2.5.2)
      public_suffix (>= 2.0.2, < 4.0)
    arbre (1.1.1)
      activesupport (>= 3.0.0)
    arel (6.0.4)
    backports (3.11.4)
    bcrypt (3.1.12)
    bcrypt (3.1.12-java)
    builder (3.2.3)
    byebug (10.0.2)
    cancan (1.6.10)
    capybara (3.12.0)
      addressable
      mini_mime (>= 0.1.3)
      nokogiri (~> 1.8)
      rack (>= 1.6.0)
      rack-test (>= 0.6.3)
      regexp_parser (~> 1.2)
      xpath (~> 3.2)
    childprocess (0.9.0)
      ffi (~> 1.0, >= 1.0.11)
    coderay (1.1.2)
    coffee-rails (4.2.2)
      coffee-script (>= 2.2.0)
      railties (>= 4.0.0)
    coffee-script (2.4.1)
      coffee-script-source
      execjs
    coffee-script-source (1.12.2)
    concurrent-ruby (1.1.3)
    crass (1.0.4)
    cucumber (3.1.2)
      builder (>= 2.1.2)
      cucumber-core (~> 3.2.0)
      cucumber-expressions (~> 6.0.1)
      cucumber-wire (~> 0.0.1)
      diff-lcs (~> 1.3)
      gherkin (~> 5.1.0)
      multi_json (>= 1.7.5, < 2.0)
      multi_test (>= 0.1.2)
    cucumber-core (3.2.1)
      backports (>= 3.8.0)
      cucumber-tag_expressions (~> 1.1.0)
      gherkin (~> 5.0)
    cucumber-expressions (6.0.1)
    cucumber-rails (1.6.0)
      capybara (>= 1.1.2, < 4)
      cucumber (>= 3.0.2, < 4)
      mime-types (>= 1.17, < 4)
      nokogiri (~> 1.8)
      railties (>= 4, < 6)
    cucumber-tag_expressions (1.1.1)
    cucumber-wire (0.0.1)
    database_cleaner (1.7.0)
    devise (4.5.0)
      bcrypt (~> 3.0)
      orm_adapter (~> 0.1)
      railties (>= 4.1.0, < 6.0)
      responders
      warden (~> 1.2.3)
    diff-lcs (1.3)
    docile (1.3.1)
    draper (2.1.0)
      actionpack (>= 3.0)
      activemodel (>= 3.0)
      activesupport (>= 3.0)
      request_store (~> 1.0)
    erubis (2.7.0)
    execjs (2.7.0)
    ffi (1.9.25)
    ffi (1.9.25-java)
    formtastic (3.1.5)
      actionpack (>= 3.2.13)
    formtastic_i18n (0.6.0)
    gherkin (5.1.0)
    globalid (0.4.1)
      activesupport (>= 4.2.0)
    has_scope (0.7.2)
      actionpack (>= 4.1)
      activesupport (>= 4.1)
    i18n (0.9.5)
      concurrent-ruby (~> 1.0)
    inherited_resources (1.9.0)
      actionpack (>= 4.2, < 5.3)
      has_scope (~> 0.6)
      railties (>= 4.2, < 5.3)
      responders
    jasmine (2.9.0)
      jasmine-core (>= 2.9.0, < 3.0.0)
      phantomjs
      rack (>= 1.2.1)
      rake
    jasmine-core (2.9.1)
    jdbc-sqlite3 (3.8.11.2)
    jquery-rails (4.3.3)
      rails-dom-testing (>= 1, < 3)
      railties (>= 4.2.0)
      thor (>= 0.14, < 2.0)
    jruby-openssl (0.10.1-java)
    json (2.1.0)
    json (2.1.0-java)
    kaminari (1.1.1)
      activesupport (>= 4.1.0)
      kaminari-actionview (= 1.1.1)
      kaminari-activerecord (= 1.1.1)
      kaminari-core (= 1.1.1)
    kaminari-actionview (1.1.1)
      actionview
      kaminari-core (= 1.1.1)
    kaminari-activerecord (1.1.1)
      activerecord
      kaminari-core (= 1.1.1)
    kaminari-core (1.1.1)
    launchy (2.4.3)
      addressable (~> 2.3)
    launchy (2.4.3-java)
      addressable (~> 2.3)
      spoon (~> 0.0.1)
    loofah (2.2.3)
      crass (~> 1.0.2)
      nokogiri (>= 1.5.9)
    mail (2.7.1)
      mini_mime (>= 0.1.1)
    method_source (0.9.0)
    mime-types (3.2.2)
      mime-types-data (~> 3.2015)
    mime-types-data (3.2018.0812)
    mini_mime (1.0.1)
    mini_portile2 (2.3.0)
    minitest (5.11.3)
    multi_json (1.13.1)
    multi_test (0.1.2)
    nokogiri (1.8.5)
      mini_portile2 (~> 2.3.0)
    nokogiri (1.8.5-java)
    orm_adapter (0.5.0)
    parallel (1.12.1)
    parallel_tests (2.26.0)
      parallel
    phantomjs (2.1.1.0)
    pry (0.11.3)
      coderay (~> 1.1.0)
      method_source (~> 0.9.0)
    pry (0.11.3-java)
      coderay (~> 1.1.0)
      method_source (~> 0.9.0)
      spoon (~> 0.0)
    pry-byebug (3.6.0)
      byebug (~> 10.0)
      pry (~> 0.10)
    public_suffix (3.0.3)
    pundit (2.0.0)
      activesupport (>= 3.0.0)
    rack (1.6.11)
    rack-test (0.6.3)
      rack (>= 1.0)
    rails (4.2.11)
      actionmailer (= 4.2.11)
      actionpack (= 4.2.11)
      actionview (= 4.2.11)
      activejob (= 4.2.11)
      activemodel (= 4.2.11)
      activerecord (= 4.2.11)
      activesupport (= 4.2.11)
      bundler (>= 1.3.0, < 2.0)
      railties (= 4.2.11)
      sprockets-rails
    rails-deprecated_sanitizer (1.0.3)
      activesupport (>= 4.2.0.alpha)
    rails-dom-testing (1.0.9)
      activesupport (>= 4.2.0, < 5.0)
      nokogiri (~> 1.6)
      rails-deprecated_sanitizer (>= 1.0.1)
    rails-html-sanitizer (1.0.4)
      loofah (~> 2.2, >= 2.2.2)
    rails-i18n (4.0.9)
      i18n (~> 0.7)
      railties (~> 4.0)
    railties (4.2.11)
      actionpack (= 4.2.11)
      activesupport (= 4.2.11)
      rake (>= 0.8.7)
      thor (>= 0.18.1, < 2.0)
    rake (12.3.1)
    ransack (1.8.9)
      actionpack (>= 3.0, <= 5.1.1)
      activerecord (>= 3.0, <= 5.1.1)
      activesupport (>= 3.0, <= 5.1.1)
      i18n
    rb-fsevent (0.10.3)
    rb-inotify (0.9.10)
      ffi (>= 0.5.0, < 2)
    regexp_parser (1.3.0)
    request_store (1.4.1)
      rack (>= 1.4)
    responders (2.4.0)
      actionpack (>= 4.2.0, < 5.3)
      railties (>= 4.2.0, < 5.3)
    rspec-core (3.8.0)
      rspec-support (~> 3.8.0)
    rspec-expectations (3.8.2)
      diff-lcs (>= 1.2.0, < 2.0)
      rspec-support (~> 3.8.0)
    rspec-mocks (3.8.0)
      diff-lcs (>= 1.2.0, < 2.0)
      rspec-support (~> 3.8.0)
    rspec-rails (3.8.0)
      actionpack (>= 3.0)
      activesupport (>= 3.0)
      railties (>= 3.0)
      rspec-core (~> 3.8.0)
      rspec-expectations (~> 3.8.0)
      rspec-mocks (~> 3.8.0)
      rspec-support (~> 3.8.0)
    rspec-support (3.8.0)
    rubyzip (1.2.2)
    sass (3.7.2)
      sass-listen (~> 4.0.0)
    sass-listen (4.0.0)
      rb-fsevent (~> 0.9, >= 0.9.4)
      rb-inotify (~> 0.9, >= 0.9.7)
    selenium-webdriver (3.141.0)
      childprocess (~> 0.5)
      rubyzip (~> 1.2, >= 1.2.2)
    simplecov (0.16.1)
      docile (~> 1.1)
      json (>= 1.8, < 3)
      simplecov-html (~> 0.10.0)
    simplecov-html (0.10.2)
    spoon (0.0.6)
      ffi
    sprockets (3.7.2)
      concurrent-ruby (~> 1.0)
      rack (> 1, < 3)
    sprockets-rails (3.2.1)
      actionpack (>= 4.0)
      activesupport (>= 4.0)
      sprockets (>= 3.0.0)
    sqlite3 (1.3.13)
    thor (0.20.3)
    thread_safe (0.3.6)
    thread_safe (0.3.6-java)
    tzinfo (1.2.5)
      thread_safe (~> 0.1)
    warden (1.2.7)
      rack (>= 1.0)
    xpath (3.2.0)
      nokogiri (~> 1.8)

PLATFORMS
  java
  ruby

DEPENDENCIES
  activeadmin!
  activerecord-jdbcsqlite3-adapter (~> 1.3)
  cancan
  capybara (~> 3.10)
  cucumber
  cucumber-rails (~> 1.5)
  database_cleaner
  devise (~> 4.4)
  draper (~> 2.1)
  jasmine
  jasmine-core (= 2.9.1)
  jruby-openssl (~> 0.10.1)
  launchy
  parallel_tests (~> 2.26)
  pry
  pry-byebug
  pundit
  rails (~> 4.2.10)
  rails-i18n
  rake
  rspec-rails
  selenium-webdriver
  simplecov
  sqlite3

BUNDLED WITH
   1.17.1
